
Microsoft Visual Studio Solution File, Format Version 12.00
# Visual Studio Version 16
VisualStudioVersion = 16.0.30413.136
MinimumVisualStudioVersion = 10.0.40219.1
Project("{FAE04EC0-301F-11D3-BF4B-00C04F79EFBC}") = "S.T.A.T.S", "S.T.A.T.S\S.T.A.T.S.csproj", "{12766430-55C3-4B86-896C-1F6813FE4D22}"
EndProject
Global
	GlobalSection(SolutionConfigurationPlatforms) = preSolution
		Debug|Any CPU = Debug|Any CPU
		Release|Any CPU = Release|Any CPU
	EndGlobalSection
	GlobalSection(ProjectConfigurationPlatforms) = postSolution
		{12766430-55C3-4B86-896C-1F6813FE4D22}.Debug|Any CPU.ActiveCfg = Debug|Any CPU
		{12766430-55C3-4B86-896C-1F6813FE4D22}.Debug|Any CPU.Build.0 = Debug|Any CPU
		{12766430-55C3-4B86-896C-1F6813FE4D22}.Release|Any CPU.ActiveCfg = Debug|Any CPU
		{12766430-55C3-4B86-896C-1F6813FE4D22}.Release|Any CPU.Build.0 = Debug|Any CPU
	EndGlobalSection
	GlobalSection(SolutionProperties) = preSolution
		HideSolutionNode = FALSE
	EndGlobalSection
	GlobalSection(ExtensibilityGlobals) = postSolution
		SolutionGuid = {1F7995FE-FC7B-4686-924E-EE0601DBFB5C}
	EndGlobalSection
EndGlobal
